github.com/doejon/jonson v0.0.0-20240704185914-525dd73b0022 h1:o09bhg+BmYCDTdZ9jvuMlcxoEHLPSu/+vKLwsfleq7Y=
github.com/doejon/jonson v0.0.0-20240704185914-525dd73b0022/go.mod h1:NhTxkmcbxGB/QtnleW8GmM92FVwjzRs8oEh5r+jOQQM=
github.com/gorilla/websocket v1.5.3 h1:saDtZ6Pbx/0u+bgYQ3q96pZgCzfhKXGPqt7kZ72aNNg=
github.com/gorilla/websocket v1.5.3/go.mod h1:YR8l580nyteQvAITg2hZ9XVh4b55+EU/adAjf1fMHhE=
